// !$*UTF8*$!
{
	archiveVersion = 1;
	classes = {
	};
	objectVersion = 56;
	objects = {

/* Begin PBXBuildFile section */
		9C9189A92E37B0C6000E0A11 /* SwifUI_API_ListApp.swift in Sources */ = {isa = PBXBuildFile; fileRef = 9C9189A82E37B0C6000E0A11 /* SwifUI_API_ListApp.swift */; };
		9C9189AB2E37B0C6000E0A11 /* ContentView.swift in Sources */ = {isa = PBXBuildFile; fileRef = 9C9189AA2E37B0C6000E0A11 /* ContentView.swift */; };
		9C9189AD2E37B0C9000E0A11 /* Assets.xcassets in Resources */ = {isa = PBXBuildFile; fileRef = 9C9189AC2E37B0C9000E0A11 /* Assets.xcassets */; };
		9C9189B02E37B0C9000E0A11 /* Preview Assets.xcassets in Resources */ = {isa = PBXBuildFile; fileRef = 9C9189AF2E37B0C9000E0A11 /* Preview Assets.xcassets */; };
		9C9189BA2E37B0C9000E0A11 /* SwifUI_API_ListTests.swift in Sources */ = {isa = PBXBuildFile; fileRef = 9C9189B92E37B0C9000E0A11 /* SwifUI_API_ListTests.swift */; };
		9C9189C42E37B0C9000E0A11 /* SwifUI_API_ListUITests.swift in Sources */ = {isa = PBXBuildFile; fileRef = 9C9189C32E37B0C9000E0A11 /* SwifUI_API_ListUITests.swift */; };
		9C9189C62E37B0C9000E0A11 /* SwifUI_API_ListUITestsLaunchTests.swift in Sources */ = {isa = PBXBuildFile; fileRef = 9C9189C52E37B0C9000E0A11 /* SwifUI_API_ListUITestsLaunchTests.swift */; };
/* End PBXBuildFile section */

/* Begin PBXContainerItemProxy section */
		9C9189B62E37B0C9000E0A11 /* PBXContainerItemProxy */ = {
			isa = PBXContainerItemProxy;
			containerPortal = 9C91899D2E37B0C6000E0A11 /* Project object */;
			proxyType = 1;
			remoteGlobalIDString = 9C9189A42E37B0C6000E0A11;
			remoteInfo = "SwifUI-API-List";
		};
		9C9189C02E37B0C9000E0A11 /* PBXContainerItemProxy */ = {
			isa = PBXContainerItemProxy;
			containerPortal = 9C91899D2E37B0C6000E0A11 /* Project object */;
			proxyType = 1;
			remoteGlobalIDString = 9C9189A42E37B0C6000E0A11;
			remoteInfo = "SwifUI-API-List";
		};
/* End PBXContainerItemProxy section */

/* Begin PBXFileReference section */
		9C9189A52E37B0C6000E0A11 /* SwifUI-API-List.app */ = {isa = PBXFileReference; explicitFileType = wrapper.application; includeInIndex = 0; path = "SwifUI-API-List.app"; sourceTree = BUILT_PRODUCTS_DIR; };
		9C9189A82E37B0C6000E0A11 /* SwifUI_API_ListApp.swift */ = {isa = PBXFileReference; lastKnownFileType = sourcecode.swift; path = SwifUI_API_ListApp.swift; sourceTree = "<group>"; };
		9C9189AA2E37B0C6000E0A11 /* ContentView.swift */ = {isa = PBXFileReference; lastKnownFileType = sourcecode.swift; path = ContentView.swift; sourceTree = "<group>"; };
		9C9189AC2E37B0C9000E0A11 /* Assets.xcassets */ = {isa = PBXFileReference; lastKnownFileType = folder.assetcatalog; path = Assets.xcassets; sourceTree = "<group>"; };
		9C9189AF2E37B0C9000E0A11 /* Preview Assets.xcassets */ = {isa = PBXFileReference; lastKnownFileType = folder.assetcatalog; path = "Preview Assets.xcassets"; sourceTree = "<group>"; };
		9C9189B52E37B0C9000E0A11 /* SwifUI-API-ListTests.xctest */ = {isa = PBXFileReference; explicitFileType = wrapper.cfbundle; includeInIndex = 0; path = "SwifUI-API-ListTests.xctest"; sourceTree = BUILT_PRODUCTS_DIR; };
		9C9189B92E37B0C9000E0A11 /* SwifUI_API_ListTests.swift */ = {isa = PBXFileReference; lastKnownFileType = sourcecode.swift; path = SwifUI_API_ListTests.swift; sourceTree = "<group>"; };
		9C9189BF2E37B0C9000E0A11 /* SwifUI-API-ListUITests.xctest */ = {isa = PBXFileReference; explicitFileType = wrapper.cfbundle; includeInIndex = 0; path = "SwifUI-API-ListUITests.xctest"; sourceTree = BUILT_PRODUCTS_DIR; };
		9C9189C32E37B0C9000E0A11 /* SwifUI_API_ListUITests.swift */ = {isa = PBXFileReference; lastKnownFileType = sourcecode.swift; path = SwifUI_API_ListUITests.swift; sourceTree = "<group>"; };
		9C9189C52E37B0C9000E0A11 /* SwifUI_API_ListUITestsLaunchTests.swift */ = {isa = PBXFileReference; lastKnownFileType = sourcecode.swift; path = SwifUI_API_ListUITestsLaunchTests.swift; sourceTree = "<group>"; };
/* End PBXFileReference section */

/* Begin PBXFrameworksBuildPhase section */
		9C9189A22E37B0C6000E0A11 /* Frameworks */ = {
			isa = PBXFrameworksBuildPhase;
			buildActionMask = 2147483647;
			files = (
			);
			runOnlyForDeploymentPostprocessing = 0;
		};
		9C9189B22E37B0C9000E0A11 /* Frameworks */ = {
			isa = PBXFrameworksBuildPhase;
			buildActionMask = 2147483647;
			files = (
			);
			runOnlyForDeploymentPostprocessing = 0;
		};
		9C9189BC2E37B0C9000E0A11 /* Frameworks */ = {
			isa = PBXFrameworksBuildPhase;
			buildActionMask = 2147483647;
			files = (
			);
			runOnlyForDeploymentPostprocessing = 0;
		};
/* End PBXFrameworksBuildPhase section */

/* Begin PBXGroup section */
		9C91899C2E37B0C6000E0A11 = {
			isa = PBXGroup;
			children = (
				9C9189A72E37B0C6000E0A11 /* SwifUI-API-List */,
				9C9189B82E37B0C9000E0A11 /* SwifUI-API-ListTests */,
				9C9189C22E37B0C9000E0A11 /* SwifUI-API-ListUITests */,
				9C9189A62E37B0C6000E0A11 /* Products */,
			);
			sourceTree = "<group>";
		};
		9C9189A62E37B0C6000E0A11 /* Products */ = {
			isa = PBXGroup;
			children = (
				9C9189A52E37B0C6000E0A11 /* SwifUI-API-List.app */,
				9C9189B52E37B0C9000E0A11 /* SwifUI-API-ListTests.xctest */,
				9C9189BF2E37B0C9000E0A11 /* SwifUI-API-ListUITests.xctest */,
			);
			name = Products;
			sourceTree = "<group>";
		};
		9C9189A72E37B0C6000E0A11 /* SwifUI-API-List */ = {
			isa = PBXGroup;
			children = (
				9C9189A82E37B0C6000E0A11 /* SwifUI_API_ListApp.swift */,
				9C9189AA2E37B0C6000E0A11 /* ContentView.swift */,
				9C9189AC2E37B0C9000E0A11 /* Assets.xcassets */,
				9C9189AE2E37B0C9000E0A11 /* Preview Content */,
			);
			path = "SwifUI-API-List";
			sourceTree = "<group>";
		};
		9C9189AE2E37B0C9000E0A11 /* Preview Content */ = {
			isa = PBXGroup;
			children = (
				9C9189AF2E37B0C9000E0A11 /* Preview Assets.xcassets */,
			);
			path = "Preview Content";
			sourceTree = "<group>";
		};
		9C9189B82E37B0C9000E0A11 /* SwifUI-API-ListTests */ = {
			isa = PBXGroup;
			children = (
				9C9189B92E37B0C9000E0A11 /* SwifUI_API_ListTests.swift */,
			);
			path = "SwifUI-API-ListTests";
			sourceTree = "<group>";
		};
		9C9189C22E37B0C9000E0A11 /* SwifUI-API-ListUITests */ = {
			isa = PBXGroup;
			children = (
				9C9189C32E37B0C9000E0A11 /* SwifUI_API_ListUITests.swift */,
				9C9189C52E37B0C9000E0A11 /* SwifUI_API_ListUITestsLaunchTests.swift */,
			);
			path = "SwifUI-API-ListUITests";
			sourceTree = "<group>";
		};
/* End PBXGroup section */

/* Begin PBXNativeTarget section */
		9C9189A42E37B0C6000E0A11 /* SwifUI-API-List */ = {
			isa = PBXNativeTarget;
			buildConfigurationList = 9C9189C92E37B0C9000E0A11 /* Build configuration list for PBXNativeTarget "SwifUI-API-List" */;
			buildPhases = (
				9C9189A12E37B0C6000E0A11 /* Sources */,
				9C9189A22E37B0C6000E0A11 /* Frameworks */,
				9C9189A32E37B0C6000E0A11 /* Resources */,
			);
			buildRules = (
			);
			dependencies = (
			);
			name = "SwifUI-API-List";
			productName = "SwifUI-API-List";
			productReference = 9C9189A52E37B0C6000E0A11 /* SwifUI-API-List.app */;
			productType = "com.apple.product-type.application";
		};
		9C9189B42E37B0C9000E0A11 /* SwifUI-API-ListTests */ = {
			isa = PBXNativeTarget;
			buildConfigurationList = 9C9189CC2E37B0C9000E0A11 /* Build configuration list for PBXNativeTarget "SwifUI-API-ListTests" */;
			buildPhases = (
				9C9189B12E37B0C9000E0A11 /* Sources */,
				9C9189B22E37B0C9000E0A11 /* Frameworks */,
				9C9189B32E37B0C9000E0A11 /* Resources */,
			);
			buildRules = (
			);
			dependencies = (
				9C9189B72E37B0C9000E0A11 /* PBXTargetDependency */,
			);
			name = "SwifUI-API-ListTests";
			productName = "SwifUI-API-ListTests";
			productReference = 9C9189B52E37B0C9000E0A11 /* SwifUI-API-ListTests.xctest */;
			productType = "com.apple.product-type.bundle.unit-test";
		};
		9C9189BE2E37B0C9000E0A11 /* SwifUI-API-ListUITests */ = {
			isa = PBXNativeTarget;
			buildConfigurationList = 9C9189CF2E37B0C9000E0A11 /* Build configuration list for PBXNativeTarget "SwifUI-API-ListUITests" */;
			buildPhases = (
				9C9189BB2E37B0C9000E0A11 /* Sources */,
				9C9189BC2E37B0C9000E0A11 /* Frameworks */,
				9C9189BD2E37B0C9000E0A11 /* Resources */,
			);
			buildRules = (
			);
			dependencies = (
				9C9189C12E37B0C9000E0A11 /* PBXTargetDependency */,
			);
			name = "SwifUI-API-ListUITests";
			productName = "SwifUI-API-ListUITests";
			productReference = 9C9189BF2E37B0C9000E0A11 /* SwifUI-API-ListUITests.xctest */;
			productType = "com.apple.product-type.bundle.ui-testing";
		};
/* End PBXNativeTarget section */

/* Begin PBXProject section */
		9C91899D2E37B0C6000E0A11 /* Project object */ = {
			isa = PBXProject;
			attributes = {
				BuildIndependentTargetsInParallel = 1;
				LastSwiftUpdateCheck = 1410;
				LastUpgradeCheck = 1410;
				TargetAttributes = {
					9C9189A42E37B0C6000E0A11 = {
						CreatedOnToolsVersion = 14.1;
					};
					9C9189B42E37B0C9000E0A11 = {
						CreatedOnToolsVersion = 14.1;
						TestTargetID = 9C9189A42E37B0C6000E0A11;
					};
					9C9189BE2E37B0C9000E0A11 = {
						CreatedOnToolsVersion = 14.1;
						TestTargetID = 9C9189A42E37B0C6000E0A11;
					};
				};
			};
			buildConfigurationList = 9C9189A02E37B0C6000E0A11 /* Build configuration list for PBXProject "SwifUI-API-List" */;
			compatibilityVersion = "Xcode 14.0";
			developmentRegion = en;
			hasScannedForEncodings = 0;
			knownRegions = (
				en,
				Base,
			);
			mainGroup = 9C91899C2E37B0C6000E0A11;
			productRefGroup = 9C9189A62E37B0C6000E0A11 /* Products */;
			projectDirPath = "";
			projectRoot = "";
			targets = (
				9C9189A42E37B0C6000E0A11 /* SwifUI-API-List */,
				9C9189B42E37B0C9000E0A11 /* SwifUI-API-ListTests */,
				9C9189BE2E37B0C9000E0A11 /* SwifUI-API-ListUITests */,
			);
		};
/* End PBXProject section */

/* Begin PBXResourcesBuildPhase section */
		9C9189A32E37B0C6000E0A11 /* Resources */ = {
			isa = PBXResourcesBuildPhase;
			buildActionMask = 2147483647;
			files = (
				9C9189B02E37B0C9000E0A11 /* Preview Assets.xcassets in Resources */,
				9C9189AD2E37B0C9000E0A11 /* Assets.xcassets in Resources */,
			);
			runOnlyForDeploymentPostprocessing = 0;
		};
		9C9189B32E37B0C9000E0A11 /* Resources */ = {
			isa = PBXResourcesBuildPhase;
			buildActionMask = 2147483647;
			files = (
			);
			runOnlyForDeploymentPostprocessing = 0;
		};
		9C9189BD2E37B0C9000E0A11 /* Resources */ = {
			isa = PBXResourcesBuildPhase;
			buildActionMask = 2147483647;
			files = (
			);
			runOnlyForDeploymentPostprocessing = 0;
		};
/* End PBXResourcesBuildPhase section */

/* Begin PBXSourcesBuildPhase section */
		9C9189A12E37B0C6000E0A11 /* Sources */ = {
			isa = PBXSourcesBuildPhase;
			buildActionMask = 2147483647;
			files = (
				9C9189AB2E37B0C6000E0A11 /* ContentView.swift in Sources */,
				9C9189A92E37B0C6000E0A11 /* SwifUI_API_ListApp.swift in Sources */,
			);
			runOnlyForDeploymentPostprocessing = 0;
		};
		9C9189B12E37B0C9000E0A11 /* Sources */ = {
			isa = PBXSourcesBuildPhase;
			buildActionMask = 2147483647;
			files = (
				9C9189BA2E37B0C9000E0A11 /* SwifUI_API_ListTests.swift in Sources */,
			);
			runOnlyForDeploymentPostprocessing = 0;
		};
		9C9189BB2E37B0C9000E0A11 /* Sources */ = {
			isa = PBXSourcesBuildPhase;
			buildActionMask = 2147483647;
			files = (
				9C9189C62E37B0C9000E0A11 /* SwifUI_API_ListUITestsLaunchTests.swift in Sources */,
				9C9189C42E37B0C9000E0A11 /* SwifUI_API_ListUITests.swift in Sources */,
			);
			runOnlyForDeploymentPostprocessing = 0;
		};
/* End PBXSourcesBuildPhase section */

/* Begin PBXTargetDependency section */
		9C9189B72E37B0C9000E0A11 /* PBXTargetDependency */ = {
			isa = PBXTargetDependency;
			target = 9C9189A42E37B0C6000E0A11 /* SwifUI-API-List */;
			targetProxy = 9C9189B62E37B0C9000E0A11 /* PBXContainerItemProxy */;
		};
		9C9189C12E37B0C9000E0A11 /* PBXTargetDependency */ = {
			isa = PBXTargetDependency;
			target = 9C9189A42E37B0C6000E0A11 /* SwifUI-API-List */;
			targetProxy = 9C9189C02E37B0C9000E0A11 /* PBXContainerItemProxy */;
		};
/* End PBXTargetDependency section */

/* Begin XCBuildConfiguration section */
		9C9189C72E37B0C9000E0A11 /* Debug */ = {
			isa = XCBuildConfiguration;
			buildSettings = {
				ALWAYS_SEARCH_USER_PATHS = NO;
				CLANG_ANALYZER_NONNULL = YES;
				CLANG_ANALYZER_NUMBER_OBJECT_CONVERSION = YES_AGGRESSIVE;
				CLANG_CXX_LANGUAGE_STANDARD = "gnu++20";
				CLANG_ENABLE_MODULES = YES;
				CLANG_ENABLE_OBJC_ARC = YES;
				CLANG_ENABLE_OBJC_WEAK = YES;
				CLANG_WARN_BLOCK_CAPTURE_AUTORELEASING = YES;
				CLANG_WARN_BOOL_CONVERSION = YES;
				CLANG_WARN_COMMA = YES;
				CLANG_WARN_CONSTANT_CONVERSION = YES;
				CLANG_WARN_DEPRECATED_OBJC_IMPLEMENTATIONS = YES;
				CLANG_WARN_DIRECT_OBJC_ISA_USAGE = YES_ERROR;
				CLANG_WARN_DOCUMENTATION_COMMENTS = YES;
				CLANG_WARN_EMPTY_BODY = YES;
				CLANG_WARN_ENUM_CONVERSION = YES;
				CLANG_WARN_INFINITE_RECURSION = YES;
				CLANG_WARN_INT_CONVERSION = YES;
				CLANG_WARN_NON_LITERAL_NULL_CONVERSION = YES;
				CLANG_WARN_OBJC_IMPLICIT_RETAIN_SELF = YES;
				CLANG_WARN_OBJC_LITERAL_CONVERSION = YES;
				CLANG_WARN_OBJC_ROOT_CLASS = YES_ERROR;
				CLANG_WARN_QUOTED_INCLUDE_IN_FRAMEWORK_HEADER = YES;
				CLANG_WARN_RANGE_LOOP_ANALYSIS = YES;
				CLANG_WARN_STRICT_PROTOTYPES = YES;
				CLANG_WARN_SUSPICIOUS_MOVE = YES;
				CLANG_WARN_UNGUARDED_AVAILABILITY = YES_AGGRESSIVE;
				CLANG_WARN_UNREACHABLE_CODE = YES;
				CLANG_WARN__DUPLICATE_METHOD_MATCH = YES;
				COPY_PHASE_STRIP = NO;
				DEBUG_INFORMATION_FORMAT = dwarf;
				ENABLE_STRICT_OBJC_MSGSEND = YES;
				ENABLE_TESTABILITY = YES;
				GCC_C_LANGUAGE_STANDARD = gnu11;
				GCC_DYNAMIC_NO_PIC = NO;
				GCC_NO_COMMON_BLOCKS = YES;
				GCC_OPTIMIZATION_LEVEL = 0;
				GCC_PREPROCESSOR_DEFINITIONS = (
					"DEBUG=1",
					"$(inherited)",
				);
				GCC_WARN_64_TO_32_BIT_CONVERSION = YES;
				GCC_WARN_ABOUT_RETURN_TYPE = YES_ERROR;
				GCC_WARN_UNDECLARED_SELECTOR = YES;
				GCC_WARN_UNINITIALIZED_AUTOS = YES_AGGRESSIVE;
				GCC_WARN_UNUSED_FUNCTION = YES;
				GCC_WARN_UNUSED_VARIABLE = YES;
				IPHONEOS_DEPLOYMENT_TARGET = 16.1;
				MTL_ENABLE_DEBUG_INFO = INCLUDE_SOURCE;
				MTL_FAST_MATH = YES;
				ONLY_ACTIVE_ARCH = YES;
				SDKROOT = iphoneos;
				SWIFT_ACTIVE_COMPILATION_CONDITIONS = DEBUG;
				SWIFT_OPTIMIZATION_LEVEL = "-Onone";
			};
			name = Debug;
		};
		9C9189C82E37B0C9000E0A11 /* Release */ = {
			isa = XCBuildConfiguration;
			buildSettings = {
				ALWAYS_SEARCH_USER_PATHS = NO;
				CLANG_ANALYZER_NONNULL = YES;
				CLANG_ANALYZER_NUMBER_OBJECT_CONVERSION = YES_AGGRESSIVE;
				CLANG_CXX_LANGUAGE_STANDARD = "gnu++20";
				CLANG_ENABLE_MODULES = YES;
				CLANG_ENABLE_OBJC_ARC = YES;
				CLANG_ENABLE_OBJC_WEAK = YES;
				CLANG_WARN_BLOCK_CAPTURE_AUTORELEASING = YES;
				CLANG_WARN_BOOL_CONVERSION = YES;
				CLANG_WARN_COMMA = YES;
				CLANG_WARN_CONSTANT_CONVERSION = YES;
				CLANG_WARN_DEPRECATED_OBJC_IMPLEMENTATIONS = YES;
				CLANG_WARN_DIRECT_OBJC_ISA_USAGE = YES_ERROR;
				CLANG_WARN_DOCUMENTATION_COMMENTS = YES;
				CLANG_WARN_EMPTY_BODY = YES;
				CLANG_WARN_ENUM_CONVERSION = YES;
				CLANG_WARN_INFINITE_RECURSION = YES;
				CLANG_WARN_INT_CONVERSION = YES;
				CLANG_WARN_NON_LITERAL_NULL_CONVERSION = YES;
				CLANG_WARN_OBJC_IMPLICIT_RETAIN_SELF = YES;
				CLANG_WARN_OBJC_LITERAL_CONVERSION = YES;
				CLANG_WARN_OBJC_ROOT_CLASS = YES_ERROR;
				CLANG_WARN_QUOTED_INCLUDE_IN_FRAMEWORK_HEADER = YES;
				CLANG_WARN_RANGE_LOOP_ANALYSIS = YES;
				CLANG_WARN_STRICT_PROTOTYPES = YES;
				CLANG_WARN_SUSPICIOUS_MOVE = YES;
				CLANG_WARN_UNGUARDED_AVAILABILITY = YES_AGGRESSIVE;
				CLANG_WARN_UNREACHABLE_CODE = YES;
				CLANG_WARN__DUPLICATE_METHOD_MATCH = YES;
				COPY_PHASE_STRIP = NO;
				DEBUG_INFORMATION_FORMAT = "dwarf-with-dsym";
				ENABLE_NS_ASSERTIONS = NO;
				ENABLE_STRICT_OBJC_MSGSEND = YES;
				GCC_C_LANGUAGE_STANDARD = gnu11;
				GCC_NO_COMMON_BLOCKS = YES;
				GCC_WARN_64_TO_32_BIT_CONVERSION = YES;
				GCC_WARN_ABOUT_RETURN_TYPE = YES_ERROR;
				GCC_WARN_UNDECLARED_SELECTOR = YES;
				GCC_WARN_UNINITIALIZED_AUTOS = YES_AGGRESSIVE;
				GCC_WARN_UNUSED_FUNCTION = YES;
				GCC_WARN_UNUSED_VARIABLE = YES;
				IPHONEOS_DEPLOYMENT_TARGET = 16.1;
				MTL_ENABLE_DEBUG_INFO = NO;
				MTL_FAST_MATH = YES;
				SDKROOT = iphoneos;
				SWIFT_COMPILATION_MODE = wholemodule;
				SWIFT_OPTIMIZATION_LEVEL = "-O";
				VALIDATE_PRODUCT = YES;
			};
			name = Release;
		};
		9C9189CA2E37B0C9000E0A11 /* Debug */ = {
			isa = XCBuildConfiguration;
			buildSettings = {
				ASSETCATALOG_COMPILER_APPICON_NAME = AppIcon;
				ASSETCATALOG_COMPILER_GLOBAL_ACCENT_COLOR_NAME = AccentColor;
				CODE_SIGN_STYLE = Automatic;
				CURRENT_PROJECT_VERSION = 1;
				DEVELOPMENT_ASSET_PATHS = "\"SwifUI-API-List/Preview Content\"";
				ENABLE_PREVIEWS = YES;
				GENERATE_INFOPLIST_FILE = YES;
				INFOPLIST_KEY_UIApplicationSceneManifest_Generation = YES;
				INFOPLIST_KEY_UIApplicationSupportsIndirectInputEvents = YES;
				INFOPLIST_KEY_UILaunchScreen_Generation = YES;
				INFOPLIST_KEY_UISupportedInterfaceOrientations_iPad = "UIInterfaceOrientationPortrait UIInterfaceOrientationPortraitUpsideDown UIInterfaceOrientationLandscapeLeft UIInterfaceOrientationLandscapeRight";
				INFOPLIST_KEY_UISupportedInterfaceOrientations_iPhone = "UIInterfaceOrientationPortrait UIInterfaceOrientationLandscapeLeft UIInterfaceOrientationLandscapeRight";
				LD_RUNPATH_SEARCH_PATHS = (
					"$(inherited)",
					"@executable_path/Frameworks",
				);
				MARKETING_VERSION = 1.0;
				PRODUCT_BUNDLE_IDENTIFIER = "com.swift.SwifUI-API-List";
				PRODUCT_NAME = "$(TARGET_NAME)";
				SWIFT_EMIT_LOC_STRINGS = YES;
				SWIFT_VERSION = 5.0;
				TARGETED_DEVICE_FAMILY = "1,2";
			};
			name = Debug;
		};
		9C9189CB2E37B0C9000E0A11 /* Release */ = {
			isa = XCBuildConfiguration;
			buildSettings = {
				ASSETCATALOG_COMPILER_APPICON_NAME = AppIcon;
				ASSETCATALOG_COMPILER_GLOBAL_ACCENT_COLOR_NAME = AccentColor;
				CODE_SIGN_STYLE = Automatic;
				CURRENT_PROJECT_VERSION = 1;
				DEVELOPMENT_ASSET_PATHS = "\"SwifUI-API-List/Preview Content\"";
				ENABLE_PREVIEWS = YES;
				GENERATE_INFOPLIST_FILE = YES;
				INFOPLIST_KEY_UIApplicationSceneManifest_Generation = YES;
				INFOPLIST_KEY_UIApplicationSupportsIndirectInputEvents = YES;
				INFOPLIST_KEY_UILaunchScreen_Generation = YES;
				INFOPLIST_KEY_UISupportedInterfaceOrientations_iPad = "UIInterfaceOrientationPortrait UIInterfaceOrientationPortraitUpsideDown UIInterfaceOrientationLandscapeLeft UIInterfaceOrientationLandscapeRight";
				INFOPLIST_KEY_UISupportedInterfaceOrientations_iPhone = "UIInterfaceOrientationPortrait UIInterfaceOrientationLandscapeLeft UIInterfaceOrientationLandscapeRight";
				LD_RUNPATH_SEARCH_PATHS = (
					"$(inherited)",
					"@executable_path/Frameworks",
				);
				MARKETING_VERSION = 1.0;
				PRODUCT_BUNDLE_IDENTIFIER = "com.swift.SwifUI-API-List";
				PRODUCT_NAME = "$(TARGET_NAME)";
				SWIFT_EMIT_LOC_STRINGS = YES;
				SWIFT_VERSION = 5.0;
				TARGETED_DEVICE_FAMILY = "1,2";
			};
			name = Release;
		};
		9C9189CD2E37B0C9000E0A11 /* Debug */ = {
			isa = XCBuildConfiguration;
			buildSettings = {
				ALWAYS_EMBED_SWIFT_STANDARD_LIBRARIES = YES;
				BUNDLE_LOADER = "$(TEST_HOST)";
				CODE_SIGN_STYLE = Automatic;
				CURRENT_PROJECT_VERSION = 1;
				GENERATE_INFOPLIST_FILE = YES;
				IPHONEOS_DEPLOYMENT_TARGET = 16.1;
				MARKETING_VERSION = 1.0;
				PRODUCT_BUNDLE_IDENTIFIER = "com.swift.SwifUI-API-ListTests";
				PRODUCT_NAME = "$(TARGET_NAME)";
				SWIFT_EMIT_LOC_STRINGS = NO;
				SWIFT_VERSION = 5.0;
				TARGETED_DEVICE_FAMILY = "1,2";
				TEST_HOST = "$(BUILT_PRODUCTS_DIR)/SwifUI-API-List.app/$(BUNDLE_EXECUTABLE_FOLDER_PATH)/SwifUI-API-List";
			};
			name = Debug;
		};
		9C9189CE2E37B0C9000E0A11 /* Release */ = {
			isa = XCBuildConfiguration;
			buildSettings = {
				ALWAYS_EMBED_SWIFT_STANDARD_LIBRARIES = YES;
				BUNDLE_LOADER = "$(TEST_HOST)";
				CODE_SIGN_STYLE = Automatic;
				CURRENT_PROJECT_VERSION = 1;
				GENERATE_INFOPLIST_FILE = YES;
				IPHONEOS_DEPLOYMENT_TARGET = 16.1;
				MARKETING_VERSION = 1.0;
				PRODUCT_BUNDLE_IDENTIFIER = "com.swift.SwifUI-API-ListTests";
				PRODUCT_NAME = "$(TARGET_NAME)";
				SWIFT_EMIT_LOC_STRINGS = NO;
				SWIFT_VERSION = 5.0;
				TARGETED_DEVICE_FAMILY = "1,2";
				TEST_HOST = "$(BUILT_PRODUCTS_DIR)/SwifUI-API-List.app/$(BUNDLE_EXECUTABLE_FOLDER_PATH)/SwifUI-API-List";
			};
			name = Release;
		};
		9C9189D02E37B0C9000E0A11 /* Debug */ = {
			isa = XCBuildConfiguration;
			buildSettings = {
				ALWAYS_EMBED_SWIFT_STANDARD_LIBRARIES = YES;
				CODE_SIGN_STYLE = Automatic;
				CURRENT_PROJECT_VERSION = 1;
				GENERATE_INFOPLIST_FILE = YES;
				MARKETING_VERSION = 1.0;
				PRODUCT_BUNDLE_IDENTIFIER = "com.swift.SwifUI-API-ListUITests";
				PRODUCT_NAME = "$(TARGET_NAME)";
				SWIFT_EMIT_LOC_STRINGS = NO;
				SWIFT_VERSION = 5.0;
				TARGETED_DEVICE_FAMILY = "1,2";
				TEST_TARGET_NAME = "SwifUI-API-List";
			};
			name = Debug;
		};
		9C9189D12E37B0C9000E0A11 /* Release */ = {
			isa = XCBuildConfiguration;
			buildSettings = {
				ALWAYS_EMBED_SWIFT_STANDARD_LIBRARIES = YES;
				CODE_SIGN_STYLE = Automatic;
				CURRENT_PROJECT_VERSION = 1;
				GENERATE_INFOPLIST_FILE = YES;
				MARKETING_VERSION = 1.0;
				PRODUCT_BUNDLE_IDENTIFIER = "com.swift.SwifUI-API-ListUITests";
				PRODUCT_NAME = "$(TARGET_NAME)";
				SWIFT_EMIT_LOC_STRINGS = NO;
				SWIFT_VERSION = 5.0;
				TARGETED_DEVICE_FAMILY = "1,2";
				TEST_TARGET_NAME = "SwifUI-API-List";
			};
			name = Release;
		};
/* End XCBuildConfiguration section */

/* Begin XCConfigurationList section */
		9C9189A02E37B0C6000E0A11 /* Build configuration list for PBXProject "SwifUI-API-List" */ = {
			isa = XCConfigurationList;
			buildConfigurations = (
				9C9189C72E37B0C9000E0A11 /* Debug */,
				9C9189C82E37B0C9000E0A11 /* Release */,
			);
			defaultConfigurationIsVisible = 0;
			defaultConfigurationName = Release;
		};
		9C9189C92E37B0C9000E0A11 /* Build configuration list for PBXNativeTarget "SwifUI-API-List" */ = {
			isa = XCConfigurationList;
			buildConfigurations = (
				9C9189CA2E37B0C9000E0A11 /* Debug */,
				9C9189CB2E37B0C9000E0A11 /* Release */,
			);
			defaultConfigurationIsVisible = 0;
			defaultConfigurationName = Release;
		};
		9C9189CC2E37B0C9000E0A11 /* Build configuration list for PBXNativeTarget "SwifUI-API-ListTests" */ = {
			isa = XCConfigurationList;
			buildConfigurations = (
				9C9189CD2E37B0C9000E0A11 /* Debug */,
				9C9189CE2E37B0C9000E0A11 /* Release */,
			);
			defaultConfigurationIsVisible = 0;
			defaultConfigurationName = Release;
		};
		9C9189CF2E37B0C9000E0A11 /* Build configuration list for PBXNativeTarget "SwifUI-API-ListUITests" */ = {
			isa = XCConfigurationList;
			buildConfigurations = (
				9C9189D02E37B0C9000E0A11 /* Debug */,
				9C9189D12E37B0C9000E0A11 /* Release */,
			);
			defaultConfigurationIsVisible = 0;
			defaultConfigurationName = Release;
		};
/* End XCConfigurationList section */
	};
	rootObject = 9C91899D2E37B0C6000E0A11 /* Project object */;
}
